NeoBundleLock CSApprox a2958096696f9132ef0ece44b3fab93dac6df8d0
NeoBundleLock RetinaResize 5153bf6c0a734b051539ddfbc91a32e959ec9e6a
NeoBundleLock cocoa.vim 33faf435cf251ae23e0ee3500a0ce0eee6a1a94b
NeoBundleLock colorselector.vim 8c84094f14fee3272efd4b8112f19ab592d6338f
NeoBundleLock ctrlp.vim 2868678a987834563bbc384763135462c2423eb8
NeoBundleLock grep.vim 852ddb0c6590bbc41c508d7f5d2fc17112492def
NeoBundleLock molokai c67bdfcdb31415aa0ade7f8c003261700a885476
NeoBundleLock neobundle.vim 88951d60547595606ea0ca8f28f643d2506f2714
NeoBundleLock neocomplete-swift-dictionary 340ac6a3b8c9703fed8f110c619dc71cd913b099
NeoBundleLock neocomplete.vim 7904f0ff33ce667dfb203e812b783bf443c983cf
NeoBundleLock nerdtree 281701021c5001332a862da80175bf585d24e2e8
NeoBundleLock powerline 6e2e0b2f9221fbff117be3d190f9293b40ba64cd
NeoBundleLock vim-airline-themes 2a97d9ee410d7b9980a7741fc6e705d53eea23c2
NeoBundleLock vim-bootstrap-updater be6ac7be1898d506ab6328fee74b578def9212b6
NeoBundleLock vim-commentary 73e0d9a9d1f51b6cc9dc965f62669194ae851cb1
NeoBundleLock vim-easymotion 2cc10c416fb9e883d20fac68a8088c1f3a89d966
NeoBundleLock vim-fugitive b754bc2031f21a532c083dd0d072ba373bbe3a37
NeoBundleLock vim-fuzzyfinder 2d8861d1b1d1d679f060c046664b6ea48a6a3b4b
NeoBundleLock vim-gitgutter 7b81a8a22607f073b76b106e2d5e63cc936b0d25
NeoBundleLock vim-misc 3e6b8fb6f03f13434543ce1f5d24f6a5d3f34f0b
NeoBundleLock vim-objc 414e67a53d8ee629e66e05b9bf3beca5aec78ccc
NeoBundleLock vim-polyglot e404a658b1647fad396a954776eda0bdabf8353c
NeoBundleLock vim-session 9e9a6088f0554f6940c19889d0b2a8f39d13f2bb
NeoBundleLock vim-swift 19bbb5e1f9fc049e799f7a62e14933602f06d363
NeoBundleLock vim-tmux a686919958d1d680f32d99633634bd37363988d3
NeoBundleLock vim-tmux-navigator e79d4c0c24c43d3ada283b1f5a1b8fa6cf820a70
NeoBundleLock vim-trailing-whitespace 733fb64337b6da4a51c85a43450cd620d8b617b5
NeoBundleLock vimproc.vim 25cb83f24edec4aec1e9f1329302235e7a7a7fe0
NeoBundleLock vimshell.vim d0c5bef010237855b4de25863bc54895effe5d7a
